
Microsoft Visual Studio Solution File, Format Version 12.00
# Visual Studio Version 17
VisualStudioVersion = 17.13.35825.156 d17.13
MinimumVisualStudioVersion = 10.0.40219.1
Project("{FAE04EC0-301F-11D3-BF4B-00C04F79EFBC}") = "BveExMultiPlayingClient", "BveExMultiPlayingClient\BveExMultiPlayingClient.csproj", "{CA78E49D-C7B3-4972-ADC0-5B2F6096F148}"
EndProject
Global
	GlobalSection(SolutionConfigurationPlatforms) = preSolution
		Debug|Any CPU = Debug|Any CPU
		Release|Any CPU = Release|Any CPU
	EndGlobalSection
	GlobalSection(ProjectConfigurationPlatforms) = postSolution
		{CA78E49D-C7B3-4972-ADC0-5B2F6096F148}.Debug|Any CPU.ActiveCfg = Debug|Any CPU
		{CA78E49D-C7B3-4972-ADC0-5B2F6096F148}.Debug|Any CPU.Build.0 = Debug|Any CPU
		{CA78E49D-C7B3-4972-ADC0-5B2F6096F148}.Release|Any CPU.ActiveCfg = Release|Any CPU
		{CA78E49D-C7B3-4972-ADC0-5B2F6096F148}.Release|Any CPU.Build.0 = Release|Any CPU
	EndGlobalSection
	GlobalSection(SolutionProperties) = preSolution
		HideSolutionNode = FALSE
	EndGlobalSection
	GlobalSection(ExtensibilityGlobals) = postSolution
		SolutionGuid = {BFBB90C1-4EA6-4CB1-B8F2-72F402382EA9}
	EndGlobalSection
EndGlobal
